PODS:
  - FXPageControl (1.5)
  - Realm (2.8.0):
    - Realm/Headers (= 2.8.0)
  - Realm/Headers (2.8.0)
  - RealmSwift (2.8.0):
    - Realm (= 2.8.0)
  - SideMenuController (0.2.4)
  - SVProgressHUD (2.1.2)

DEPENDENCIES:
  - FXPageControl
  - Realm
  - RealmSwift
  - SideMenuController
  - SVProgressHUD

SPEC CHECKSUMS:
  FXPageControl: 97620412515365d10a3282ec0660f49f6401a8f0
  Realm: 929243ad2b618b3232e70658bedc61110e7563f1
  RealmSwift: 5b7079b891f2833d1849294161ba3e092bbda3f6
  SideMenuController: b463d2b3aa58e2afe57f57a07938fa9a647894ca
  SVProgressHUD: c404a55d78acbeb7ebb78b76d3faf986475a6994

PODFILE CHECKSUM: a5e4ee7d0053c1389477218f7b3bb3907e756e17

COCOAPODS: 1.2.1
