PODS:
  - AKPickerView-Swift (2.0.1)
  - PDFGenerator (2.0.1)
  - Realm (2.8.0):
    - Realm/Headers (= 2.8.0)
  - Realm/Headers (2.8.0)
  - RealmSwift (2.8.0):
    - Realm (= 2.8.0)
  - SideMenuController (0.2.4)
  - SVProgressHUD (2.1.2)

DEPENDENCIES:
  - AKPickerView-Swift (from `https://github.com/Akkyie/AKPickerView-Swift.git`)
  - PDFGenerator (~> 2.0.1)
  - Realm
  - RealmSwift
  - SideMenuController
  - SVProgressHUD

EXTERNAL SOURCES:
  AKPickerView-Swift:
    :git: https://github.com/Akkyie/AKPickerView-Swift.git

CHECKOUT OPTIONS:
  AKPickerView-Swift:
    :commit: 1ee8c7310bdef0f31f8fb92fbab0ab05978539f6
    :git: https://github.com/Akkyie/AKPickerView-Swift.git

SPEC CHECKSUMS:
  AKPickerView-Swift: 4969de689bee54f720dd64700f7aaab02a8f2ddc
  PDFGenerator: 69cf0787767d501a10b6b85492b1f27fd23b00e8
  Realm: 929243ad2b618b3232e70658bedc61110e7563f1
  RealmSwift: 5b7079b891f2833d1849294161ba3e092bbda3f6
  SideMenuController: b463d2b3aa58e2afe57f57a07938fa9a647894ca
  SVProgressHUD: c404a55d78acbeb7ebb78b76d3faf986475a6994

PODFILE CHECKSUM: 30d7e01d6ff89b4956713d544b00c8a8539c92f7

COCOAPODS: 1.2.1
